
Microsoft Visual Studio Solution File, Format Version 10.00
# Visual Studio 2008
Project("{FAE04EC0-301F-11D3-BF4B-00C04F79EFBC}") = "RouteExportProcess", "RouteExportProcess.csproj", "{94E352F5-4785-4394-93E6-2CA422454C03}"
EndProject
Project("{FAE04EC0-301F-11D3-BF4B-00C04F79EFBC}") = "BLEntities", "..\BLEntities\BLEntities.csproj", "{FD5265BE-424C-41FD-A622-E3909D191D2A}"
EndProject
Project("{FAE04EC0-301F-11D3-BF4B-00C04F79EFBC}") = "BLManager", "..\BLManager\BLManager.csproj", "{234500DD-B816-4876-9D8F-33FA0A8FF844}"
EndProject
Project("{FAE04EC0-301F-11D3-BF4B-00C04F79EFBC}") = "IBLManager", "..\IBLManager\IBLManager.csproj", "{AB15B5D8-D2C4-4945-A41F-4793C978CE65}"
EndProject
Project("{FAE04EC0-301F-11D3-BF4B-00C04F79EFBC}") = "DAL", "..\DAL\DAL.csproj", "{5F231A52-0BC4-4A52-B9D4-451DE15AB8C4}"
EndProject
Project("{FAE04EC0-301F-11D3-BF4B-00C04F79EFBC}") = "IDAL", "..\IDAL\IDAL.csproj", "{F11DCA75-1FA9-4C1B-9CD7-FCC423EBED90}"
EndProject
Project("{FAE04EC0-301F-11D3-BF4B-00C04F79EFBC}") = "Utilities", "..\Utilities\Utilities.csproj", "{D9FFA388-ECC7-426F-99D3-792B54779658}"
EndProject
Project("{2150E333-8FDC-42A3-9474-1A3956D46DE8}") = "Infrastructure", "Infrastructure", "{06DB320A-4309-45CB-9BD0-B5B5BBD3403A}"
EndProject
Project("{2150E333-8FDC-42A3-9474-1A3956D46DE8}") = "BL", "BL", "{CB61F804-EBA9-454C-B2F0-401BE16F5F7C}"
EndProject
Project("{2150E333-8FDC-42A3-9474-1A3956D46DE8}") = "DALDB", "DALDB", "{C79B58E2-BF57-4D17-8BEF-E755418EF28E}"
EndProject
Project("{2150E333-8FDC-42A3-9474-1A3956D46DE8}") = "GUI", "GUI", "{93733FE8-57E4-4D89-A3F8-29CFA5D0D60E}"
EndProject
Project("{FAE04EC0-301F-11D3-BF4B-00C04F79EFBC}") = "ExportConfiguration", "..\ExportConfiguration\ExportConfiguration.csproj", "{5EED2E6B-F9EE-4A25-818F-70D9AF4C262C}"
EndProject
Project("{FAE04EC0-301F-11D3-BF4B-00C04F79EFBC}") = "Logger", "..\Logger\Logger.csproj", "{2478924E-DC90-4892-AABA-E2203C4BB3C9}"
EndProject
Project("{FAE04EC0-301F-11D3-BF4B-00C04F79EFBC}") = "GUIBase", "..\GUIBase\GUIBase.csproj", "{9AB9727B-C5A1-467F-806A-BABD75ED7F5B}"
EndProject
Global
	GlobalSection(SolutionConfigurationPlatforms) = preSolution
		Debug|Any CPU = Debug|Any CPU
		Release|Any CPU = Release|Any CPU
	EndGlobalSection
	GlobalSection(ProjectConfigurationPlatforms) = postSolution
		{94E352F5-4785-4394-93E6-2CA422454C03}.Debug|Any CPU.ActiveCfg = Debug|Any CPU
		{94E352F5-4785-4394-93E6-2CA422454C03}.Debug|Any CPU.Build.0 = Debug|Any CPU
		{94E352F5-4785-4394-93E6-2CA422454C03}.Release|Any CPU.ActiveCfg = Release|Any CPU
		{94E352F5-4785-4394-93E6-2CA422454C03}.Release|Any CPU.Build.0 = Release|Any CPU
		{FD5265BE-424C-41FD-A622-E3909D191D2A}.Debug|Any CPU.ActiveCfg = Debug|Any CPU
		{FD5265BE-424C-41FD-A622-E3909D191D2A}.Debug|Any CPU.Build.0 = Debug|Any CPU
		{FD5265BE-424C-41FD-A622-E3909D191D2A}.Release|Any CPU.ActiveCfg = Release|Any CPU
		{FD5265BE-424C-41FD-A622-E3909D191D2A}.Release|Any CPU.Build.0 = Release|Any CPU
		{234500DD-B816-4876-9D8F-33FA0A8FF844}.Debug|Any CPU.ActiveCfg = Debug|Any CPU
		{234500DD-B816-4876-9D8F-33FA0A8FF844}.Debug|Any CPU.Build.0 = Debug|Any CPU
		{234500DD-B816-4876-9D8F-33FA0A8FF844}.Release|Any CPU.ActiveCfg = Release|Any CPU
		{234500DD-B816-4876-9D8F-33FA0A8FF844}.Release|Any CPU.Build.0 = Release|Any CPU
		{AB15B5D8-D2C4-4945-A41F-4793C978CE65}.Debug|Any CPU.ActiveCfg = Debug|Any CPU
		{AB15B5D8-D2C4-4945-A41F-4793C978CE65}.Debug|Any CPU.Build.0 = Debug|Any CPU
		{AB15B5D8-D2C4-4945-A41F-4793C978CE65}.Release|Any CPU.ActiveCfg = Release|Any CPU
		{AB15B5D8-D2C4-4945-A41F-4793C978CE65}.Release|Any CPU.Build.0 = Release|Any CPU
		{5F231A52-0BC4-4A52-B9D4-451DE15AB8C4}.Debug|Any CPU.ActiveCfg = Debug|Any CPU
		{5F231A52-0BC4-4A52-B9D4-451DE15AB8C4}.Debug|Any CPU.Build.0 = Debug|Any CPU
		{5F231A52-0BC4-4A52-B9D4-451DE15AB8C4}.Release|Any CPU.ActiveCfg = Release|Any CPU
		{5F231A52-0BC4-4A52-B9D4-451DE15AB8C4}.Release|Any CPU.Build.0 = Release|Any CPU
		{F11DCA75-1FA9-4C1B-9CD7-FCC423EBED90}.Debug|Any CPU.ActiveCfg = Debug|Any CPU
		{F11DCA75-1FA9-4C1B-9CD7-FCC423EBED90}.Debug|Any CPU.Build.0 = Debug|Any CPU
		{F11DCA75-1FA9-4C1B-9CD7-FCC423EBED90}.Release|Any CPU.ActiveCfg = Release|Any CPU
		{F11DCA75-1FA9-4C1B-9CD7-FCC423EBED90}.Release|Any CPU.Build.0 = Release|Any CPU
		{D9FFA388-ECC7-426F-99D3-792B54779658}.Debug|Any CPU.ActiveCfg = Debug|Any CPU
		{D9FFA388-ECC7-426F-99D3-792B54779658}.Debug|Any CPU.Build.0 = Debug|Any CPU
		{D9FFA388-ECC7-426F-99D3-792B54779658}.Release|Any CPU.ActiveCfg = Release|Any CPU
		{D9FFA388-ECC7-426F-99D3-792B54779658}.Release|Any CPU.Build.0 = Release|Any CPU
		{5EED2E6B-F9EE-4A25-818F-70D9AF4C262C}.Debug|Any CPU.ActiveCfg = Debug|Any CPU
		{5EED2E6B-F9EE-4A25-818F-70D9AF4C262C}.Debug|Any CPU.Build.0 = Debug|Any CPU
		{5EED2E6B-F9EE-4A25-818F-70D9AF4C262C}.Release|Any CPU.ActiveCfg = Release|Any CPU
		{5EED2E6B-F9EE-4A25-818F-70D9AF4C262C}.Release|Any CPU.Build.0 = Release|Any CPU
		{2478924E-DC90-4892-AABA-E2203C4BB3C9}.Debug|Any CPU.ActiveCfg = Debug|Any CPU
		{2478924E-DC90-4892-AABA-E2203C4BB3C9}.Debug|Any CPU.Build.0 = Debug|Any CPU
		{2478924E-DC90-4892-AABA-E2203C4BB3C9}.Release|Any CPU.ActiveCfg = Release|Any CPU
		{2478924E-DC90-4892-AABA-E2203C4BB3C9}.Release|Any CPU.Build.0 = Release|Any CPU
		{9AB9727B-C5A1-467F-806A-BABD75ED7F5B}.Debug|Any CPU.ActiveCfg = Debug|Any CPU
		{9AB9727B-C5A1-467F-806A-BABD75ED7F5B}.Debug|Any CPU.Build.0 = Debug|Any CPU
		{9AB9727B-C5A1-467F-806A-BABD75ED7F5B}.Release|Any CPU.ActiveCfg = Release|Any CPU
		{9AB9727B-C5A1-467F-806A-BABD75ED7F5B}.Release|Any CPU.Build.0 = Release|Any CPU
	EndGlobalSection
	GlobalSection(SolutionProperties) = preSolution
		HideSolutionNode = FALSE
	EndGlobalSection
	GlobalSection(NestedProjects) = preSolution
		{94E352F5-4785-4394-93E6-2CA422454C03} = {93733FE8-57E4-4D89-A3F8-29CFA5D0D60E}
		{9AB9727B-C5A1-467F-806A-BABD75ED7F5B} = {93733FE8-57E4-4D89-A3F8-29CFA5D0D60E}
		{D9FFA388-ECC7-426F-99D3-792B54779658} = {06DB320A-4309-45CB-9BD0-B5B5BBD3403A}
		{FD5265BE-424C-41FD-A622-E3909D191D2A} = {06DB320A-4309-45CB-9BD0-B5B5BBD3403A}
		{5EED2E6B-F9EE-4A25-818F-70D9AF4C262C} = {06DB320A-4309-45CB-9BD0-B5B5BBD3403A}
		{2478924E-DC90-4892-AABA-E2203C4BB3C9} = {06DB320A-4309-45CB-9BD0-B5B5BBD3403A}
		{AB15B5D8-D2C4-4945-A41F-4793C978CE65} = {CB61F804-EBA9-454C-B2F0-401BE16F5F7C}
		{234500DD-B816-4876-9D8F-33FA0A8FF844} = {CB61F804-EBA9-454C-B2F0-401BE16F5F7C}
		{F11DCA75-1FA9-4C1B-9CD7-FCC423EBED90} = {C79B58E2-BF57-4D17-8BEF-E755418EF28E}
		{5F231A52-0BC4-4A52-B9D4-451DE15AB8C4} = {C79B58E2-BF57-4D17-8BEF-E755418EF28E}
	EndGlobalSection
EndGlobal
